
Microsoft Visual Studio Solution File, Format Version 12.00
# Visual Studio Version 16
VisualStudioVersion = 16.0.30002.166
MinimumVisualStudioVersion = 10.0.40219.1
Project("{888888A0-9F3D-457C-B088-3A5042F75D52}") = "DataCrawling", "DataCrawling\DataCrawling.pyproj", "{D73F7845-EB61-4949-9CDF-C3139F7DB57D}"
EndProject
Global
	GlobalSection(SolutionConfigurationPlatforms) = preSolution
		Debug|Any CPU = Debug|Any CPU
		Release|Any CPU = Release|Any CPU
	EndGlobalSection
	GlobalSection(ProjectConfigurationPlatforms) = postSolution
		{D73F7845-EB61-4949-9CDF-C3139F7DB57D}.Debug|Any CPU.ActiveCfg = Debug|Any CPU
		{D73F7845-EB61-4949-9CDF-C3139F7DB57D}.Release|Any CPU.ActiveCfg = Release|Any CPU
	EndGlobalSection
	GlobalSection(SolutionProperties) = preSolution
		HideSolutionNode = FALSE
	EndGlobalSection
	GlobalSection(ExtensibilityGlobals) = postSolution
		SolutionGuid = {B2E26D46-1FB7-420A-8662-D16F5F2FAD4F}
	EndGlobalSection
EndGlobal
